
Microsoft Visual Studio Solution File, Format Version 12.00
# Visual Studio Version 16
VisualStudioVersion = 16.0.30204.135
MinimumVisualStudioVersion = 10.0.40219.1
Project("{9A19103F-16F7-4668-BE54-9A1E7A4F7556}") = "BookStore-API", "BookStore-API\BookStore-API.csproj", "{76191719-0CC3-410C-947A-16CA71AD8FEE}"
EndProject
Project("{FAE04EC0-301F-11D3-BF4B-00C04F79EFBC}") = "BookStore-UI", "BookStore-UI\BookStore-UI.csproj", "{EDA56351-2D1A-41DE-AE15-ABAF920120BF}"
EndProject
Global
	GlobalSection(SolutionConfigurationPlatforms) = preSolution
		Debug|Any CPU = Debug|Any CPU
		Release|Any CPU = Release|Any CPU
	EndGlobalSection
	GlobalSection(ProjectConfigurationPlatforms) = postSolution
		{76191719-0CC3-410C-947A-16CA71AD8FEE}.Debug|Any CPU.ActiveCfg = Debug|Any CPU
		{76191719-0CC3-410C-947A-16CA71AD8FEE}.Debug|Any CPU.Build.0 = Debug|Any CPU
		{76191719-0CC3-410C-947A-16CA71AD8FEE}.Release|Any CPU.ActiveCfg = Release|Any CPU
		{76191719-0CC3-410C-947A-16CA71AD8FEE}.Release|Any CPU.Build.0 = Release|Any CPU
		{EDA56351-2D1A-41DE-AE15-ABAF920120BF}.Debug|Any CPU.ActiveCfg = Debug|Any CPU
		{EDA56351-2D1A-41DE-AE15-ABAF920120BF}.Debug|Any CPU.Build.0 = Debug|Any CPU
		{EDA56351-2D1A-41DE-AE15-ABAF920120BF}.Release|Any CPU.ActiveCfg = Release|Any CPU
		{EDA56351-2D1A-41DE-AE15-ABAF920120BF}.Release|Any CPU.Build.0 = Release|Any CPU
	EndGlobalSection
	GlobalSection(SolutionProperties) = preSolution
		HideSolutionNode = FALSE
	EndGlobalSection
	GlobalSection(ExtensibilityGlobals) = postSolution
		SolutionGuid = {7A8751DD-0F18-487F-AA06-5371F8FD5076}
	EndGlobalSection
EndGlobal
